
Microsoft Visual Studio Solution File, Format Version 12.00
# Visual Studio Version 16
VisualStudioVersion = 16.0.30011.22
MinimumVisualStudioVersion = 10.0.40219.1
Project("{FAE04EC0-301F-11D3-BF4B-00C04F79EFBC}") = "RustCrossbreed", "RustCrossbreed\RustCrossbreed.csproj", "{618CA094-6214-4673-9A78-E6D90BCECB2A}"
EndProject
Project("{FAE04EC0-301F-11D3-BF4B-00C04F79EFBC}") = "RustCrossbreed.Tests", "RustCrossbreed.Tests\RustCrossbreed.Tests.csproj", "{F039DCA9-546C-4BD1-A1AE-BEF508AF7454}"
EndProject
Global
	GlobalSection(SolutionConfigurationPlatforms) = preSolution
		Debug|Any CPU = Debug|Any CPU
		Release|Any CPU = Release|Any CPU
	EndGlobalSection
	GlobalSection(ProjectConfigurationPlatforms) = postSolution
		{618CA094-6214-4673-9A78-E6D90BCECB2A}.Debug|Any CPU.ActiveCfg = Debug|Any CPU
		{618CA094-6214-4673-9A78-E6D90BCECB2A}.Debug|Any CPU.Build.0 = Debug|Any CPU
		{618CA094-6214-4673-9A78-E6D90BCECB2A}.Release|Any CPU.ActiveCfg = Release|Any CPU
		{618CA094-6214-4673-9A78-E6D90BCECB2A}.Release|Any CPU.Build.0 = Release|Any CPU
		{F039DCA9-546C-4BD1-A1AE-BEF508AF7454}.Debug|Any CPU.ActiveCfg = Debug|Any CPU
		{F039DCA9-546C-4BD1-A1AE-BEF508AF7454}.Debug|Any CPU.Build.0 = Debug|Any CPU
		{F039DCA9-546C-4BD1-A1AE-BEF508AF7454}.Release|Any CPU.ActiveCfg = Release|Any CPU
		{F039DCA9-546C-4BD1-A1AE-BEF508AF7454}.Release|Any CPU.Build.0 = Release|Any CPU
	EndGlobalSection
	GlobalSection(SolutionProperties) = preSolution
		HideSolutionNode = FALSE
	EndGlobalSection
	GlobalSection(ExtensibilityGlobals) = postSolution
		SolutionGuid = {853F795F-DBE1-4130-81BC-17D68C4071BF}
	EndGlobalSection
EndGlobal
